<?xml version="1.0" encoding="utf-8"?>
<Project ToolsVersion="4.0" xmlns="http://schemas.microsoft.com/developer/msbuild/2003">
  <ItemGroup>
    <Filter Include="源文件">
      <UniqueIdentifier>{4FC737F1-C7A5-4376-A066-2A32D752A2FF}</UniqueIdentifier>
      <Extensions>cpp;c;cc;cxx;def;odl;idl;hpj;bat;asm;asmx</Extensions>
    </Filter>
    <Filter Include="头文件">
      <UniqueIdentifier>{93995380-89BD-4b04-88EB-625FBE52EBFB}</UniqueIdentifier>
      <Extensions>h;hpp;hxx;hm;inl;inc;xsd</Extensions>
    </Filter>
    <Filter Include="资源文件">
      <UniqueIdentifier>{67DA6AB6-F800-4c08-8B7A-83BB121AAD01}</UniqueIdentifier>
      <Extensions>rc;ico;cur;bmp;dlg;rc2;rct;bin;rgs;gif;jpg;jpeg;jpe;resx;tiff;tif;png;wav;mfcribbon-ms</Extensions>
    </Filter>
    <Filter Include="头文件\Entry">
      <UniqueIdentifier>{1122c8d6-d1cc-4c51-a690-455452ec53a3}</UniqueIdentifier>
    </Filter>
    <Filter Include="头文件\PFC">
      <UniqueIdentifier>{107bf44b-195b-4ebc-9844-2eee9108d522}</UniqueIdentifier>
    </Filter>
    <Filter Include="头文件\BinTree">
      <UniqueIdentifier>{67ade058-6e11-4345-927f-19e1d6893ecc}</UniqueIdentifier>
    </Filter>
    <Filter Include="头文件\Bitmap">
      <UniqueIdentifier>{ae76a07c-fe56-4209-8f33-204a2a651c93}</UniqueIdentifier>
    </Filter>
    <Filter Include="头文件\Queen">
      <UniqueIdentifier>{f1ea8cf2-cb56-454f-bfc6-054da23dbe8e}</UniqueIdentifier>
    </Filter>
    <Filter Include="头文件\Queue">
      <UniqueIdentifier>{957698ce-7de6-4c32-8a17-ac855e0ca810}</UniqueIdentifier>
    </Filter>
    <Filter Include="头文件\SkipList">
      <UniqueIdentifier>{fd99d355-2ab3-44a4-80f6-fbb415f82945}</UniqueIdentifier>
    </Filter>
    <Filter Include="头文件\SkipList\Quadlist">
      <UniqueIdentifier>{8f3af95d-6c91-4487-8225-072fd0057d87}</UniqueIdentifier>
    </Filter>
    <Filter Include="头文件\Vector">
      <UniqueIdentifier>{b3e419e3-f9cf-4e6b-9579-ca821d8bb2d6}</UniqueIdentifier>
    </Filter>
    <Filter Include="头文件\Huff">
      <UniqueIdentifier>{c16bd766-60a3-4e2d-812c-b7ac666dd718}</UniqueIdentifier>
    </Filter>
    <Filter Include="头文件\HashTable">
      <UniqueIdentifier>{1ffe00eb-7f94-416f-aa80-1230c0077016}</UniqueIdentifier>
    </Filter>
  </ItemGroup>
  <ItemGroup>
    <None Include="ReadMe.txt" />
  </ItemGroup>
  <ItemGroup>
    <ClInclude Include="stdafx.h">
      <Filter>头文件</Filter>
    </ClInclude>
    <ClInclude Include="targetver.h">
      <Filter>头文件</Filter>
    </ClInclude>
    <ClInclude Include="fib.h">
      <Filter>头文件</Filter>
    </ClInclude>
    <ClInclude Include="ListNode.h">
      <Filter>头文件</Filter>
    </ClInclude>
    <ClInclude Include="List.h">
      <Filter>头文件</Filter>
    </ClInclude>
    <ClInclude Include="Leetcode.h">
      <Filter>头文件</Filter>
    </ClInclude>
    <ClInclude Include="selfAdjustingList.h">
      <Filter>头文件</Filter>
    </ClInclude>
    <ClInclude Include="Stack.h">
      <Filter>头文件</Filter>
    </ClInclude>
    <ClInclude Include="Cell.h">
      <Filter>头文件</Filter>
    </ClInclude>
    <ClInclude Include="Dictionary.h">
      <Filter>头文件</Filter>
    </ClInclude>
    <ClInclude Include="Entry.h">
      <Filter>头文件\Entry</Filter>
    </ClInclude>
    <ClInclude Include="QuadlistNode.h">
      <Filter>头文件\SkipList\Quadlist</Filter>
    </ClInclude>
    <ClInclude Include="Quadlist.h">
      <Filter>头文件\SkipList\Quadlist</Filter>
    </ClInclude>
    <ClInclude Include="PFC.h">
      <Filter>头文件\PFC</Filter>
    </ClInclude>
    <ClInclude Include="BinTree.h">
      <Filter>头文件\BinTree</Filter>
    </ClInclude>
    <ClInclude Include="BinNode.h">
      <Filter>头文件\BinTree</Filter>
    </ClInclude>
    <ClInclude Include="Bitmap.h">
      <Filter>头文件\Bitmap</Filter>
    </ClInclude>
    <ClInclude Include="Queen.h">
      <Filter>头文件\Queen</Filter>
    </ClInclude>
    <ClInclude Include="Queue.h">
      <Filter>头文件\Queue</Filter>
    </ClInclude>
    <ClInclude Include="Skiplist.h">
      <Filter>头文件\SkipList</Filter>
    </ClInclude>
    <ClInclude Include="Deque.h">
      <Filter>头文件\Queue</Filter>
    </ClInclude>
    <ClInclude Include="Vector.h">
      <Filter>头文件\Vector</Filter>
    </ClInclude>
    <ClInclude Include="HuffChar.h">
      <Filter>头文件\Huff</Filter>
    </ClInclude>
    <ClInclude Include="Huff.h">
      <Filter>头文件\Huff</Filter>
    </ClInclude>
    <ClInclude Include="HashTable.h">
      <Filter>头文件\HashTable</Filter>
    </ClInclude>
    <ClInclude Include="prime.h">
      <Filter>头文件\Bitmap</Filter>
    </ClInclude>
  </ItemGroup>
  <ItemGroup>
    <ClCompile Include="stdafx.cpp">
      <Filter>源文件</Filter>
    </ClCompile>
    <ClCompile Include="main.cpp">
      <Filter>源文件</Filter>
    </ClCompile>
  </ItemGroup>
</Project>